
Microsoft Visual Studio Solution File, Format Version 12.00
# Visual Studio 15
VisualStudioVersion = 15.0.27428.2043
MinimumVisualStudioVersion = 10.0.40219.1
Project("{FAE04EC0-301F-11D3-BF4B-00C04F79EFBC}") = "PersonSearchApp", "PersonSearchApp\PersonSearchApp.csproj", "{280626A7-CE62-4D90-A288-E4309F36AFFA}"
EndProject
Project("{FAE04EC0-301F-11D3-BF4B-00C04F79EFBC}") = "PersonSearchAppTest", "PersonSearchAppTest\PersonSearchAppTest.csproj", "{14EA242D-8699-4DFD-A20F-C51C2653D6E2}"
EndProject
Global
	GlobalSection(SolutionConfigurationPlatforms) = preSolution
		Debug|Any CPU = Debug|Any CPU
		Release|Any CPU = Release|Any CPU
	EndGlobalSection
	GlobalSection(ProjectConfigurationPlatforms) = postSolution
		{280626A7-CE62-4D90-A288-E4309F36AFFA}.Debug|Any CPU.ActiveCfg = Debug|Any CPU
		{280626A7-CE62-4D90-A288-E4309F36AFFA}.Debug|Any CPU.Build.0 = Debug|Any CPU
		{280626A7-CE62-4D90-A288-E4309F36AFFA}.Release|Any CPU.ActiveCfg = Release|Any CPU
		{280626A7-CE62-4D90-A288-E4309F36AFFA}.Release|Any CPU.Build.0 = Release|Any CPU
		{14EA242D-8699-4DFD-A20F-C51C2653D6E2}.Debug|Any CPU.ActiveCfg = Debug|Any CPU
		{14EA242D-8699-4DFD-A20F-C51C2653D6E2}.Debug|Any CPU.Build.0 = Debug|Any CPU
		{14EA242D-8699-4DFD-A20F-C51C2653D6E2}.Release|Any CPU.ActiveCfg = Release|Any CPU
		{14EA242D-8699-4DFD-A20F-C51C2653D6E2}.Release|Any CPU.Build.0 = Release|Any CPU
	EndGlobalSection
	GlobalSection(SolutionProperties) = preSolution
		HideSolutionNode = FALSE
	EndGlobalSection
	GlobalSection(ExtensibilityGlobals) = postSolution
		SolutionGuid = {12FE2562-4305-471A-9B19-C7C12775AE71}
	EndGlobalSection
EndGlobal
